
Microsoft Visual Studio Solution File, Format Version 12.00
# Visual Studio Version 17
VisualStudioVersion = 17.8.34322.80
MinimumVisualStudioVersion = 10.0.40219.1
Project("{FAE04EC0-301F-11D3-BF4B-00C04F79EFBC}") = "ChessQueen", "ChessQueen\ChessQueen.csproj", "{EA9BE74B-451A-4D94-82A5-94140111AF2D}"
EndProject
Global
	GlobalSection(SolutionConfigurationPlatforms) = preSolution
		Debug|Any CPU = Debug|Any CPU
		Release|Any CPU = Release|Any CPU
	EndGlobalSection
	GlobalSection(ProjectConfigurationPlatforms) = postSolution
		{EA9BE74B-451A-4D94-82A5-94140111AF2D}.Debug|Any CPU.ActiveCfg = Debug|Any CPU
		{EA9BE74B-451A-4D94-82A5-94140111AF2D}.Debug|Any CPU.Build.0 = Debug|Any CPU
		{EA9BE74B-451A-4D94-82A5-94140111AF2D}.Release|Any CPU.ActiveCfg = Release|Any CPU
		{EA9BE74B-451A-4D94-82A5-94140111AF2D}.Release|Any CPU.Build.0 = Release|Any CPU
	EndGlobalSection
	GlobalSection(SolutionProperties) = preSolution
		HideSolutionNode = FALSE
	EndGlobalSection
	GlobalSection(ExtensibilityGlobals) = postSolution
		SolutionGuid = {51F6A5A5-AB16-4868-9EB8-0F975C2A4E94}
	EndGlobalSection
EndGlobal
